// !$*UTF8*$!
{
	archiveVersion = 1;
	classes = {
	};
	objectVersion = 46;
	objects = {

/* Begin PBXBuildFile section */
		870A61D31D7FA046001A9F46 /* KeyChain.m in Sources */ = {isa = PBXBuildFile; fileRef = 870A61D21D7FA046001A9F46 /* KeyChain.m */; };
		870A61EB1D7FA40F001A9F46 /* LoginViewController.m in Sources */ = {isa = PBXBuildFile; fileRef = 870A61EA1D7FA40F001A9F46 /* LoginViewController.m */; };
		870A61EE1D7FA42C001A9F46 /* LoginView.m in Sources */ = {isa = PBXBuildFile; fileRef = 870A61ED1D7FA42C001A9F46 /* LoginView.m */; };
		870A61F11D7FA43E001A9F46 /* LoginViewModel.m in Sources */ = {isa = PBXBuildFile; fileRef = 870A61F01D7FA43E001A9F46 /* LoginViewModel.m */; };
		870A61F71D7FAC90001A9F46 /* ForgotViewController.m in Sources */ = {isa = PBXBuildFile; fileRef = 870A61F61D7FAC90001A9F46 /* ForgotViewController.m */; };
		870A61FA1D7FACAC001A9F46 /* RegisterViewController.m in Sources */ = {isa = PBXBuildFile; fileRef = 870A61F91D7FACAC001A9F46 /* RegisterViewController.m */; };
		870A61FD1D7FAD9B001A9F46 /* NSString+MD5.m in Sources */ = {isa = PBXBuildFile; fileRef = 870A61FC1D7FAD9B001A9F46 /* NSString+MD5.m */; };
		870A62041D7FBCB3001A9F46 /* RegisterTask.m in Sources */ = {isa = PBXBuildFile; fileRef = 870A62031D7FBCB3001A9F46 /* RegisterTask.m */; };
		870A62071D7FBD29001A9F46 /* RegisterData.m in Sources */ = {isa = PBXBuildFile; fileRef = 870A62061D7FBD29001A9F46 /* RegisterData.m */; };
		87A022371D7FBF31007686E3 /* NSDictionary+Json.m in Sources */ = {isa = PBXBuildFile; fileRef = 87A022361D7FBF31007686E3 /* NSDictionary+Json.m */; };
		87A0223A1D7FC07B007686E3 /* RegisterView.m in Sources */ = {isa = PBXBuildFile; fileRef = 87A022391D7FC07B007686E3 /* RegisterView.m */; };
		87A0223D1D7FC094007686E3 /* RegisterViewModel.m in Sources */ = {isa = PBXBuildFile; fileRef = 87A0223C1D7FC094007686E3 /* RegisterViewModel.m */; };
		87A022401D7FC13C007686E3 /* RegisterService.m in Sources */ = {isa = PBXBuildFile; fileRef = 87A0223F1D7FC13C007686E3 /* RegisterService.m */; };
		87A022431D7FDEDB007686E3 /* BaseButton.m in Sources */ = {isa = PBXBuildFile; fileRef = 87A022421D7FDEDB007686E3 /* BaseButton.m */; };
		87A3F71E1D7EAE4100094565 /* main.m in Sources */ = {isa = PBXBuildFile; fileRef = 87A3F71D1D7EAE4100094565 /* main.m */; };
		87A3F7271D7EAE4100094565 /* Main.storyboard in Resources */ = {isa = PBXBuildFile; fileRef = 87A3F7251D7EAE4100094565 /* Main.storyboard */; };
		87A3F72A1D7EAE4100094565 /* BossZP.xcdatamodeld in Sources */ = {isa = PBXBuildFile; fileRef = 87A3F7281D7EAE4100094565 /* BossZP.xcdatamodeld */; };
		87A3F72C1D7EAE4100094565 /* Assets.xcassets in Resources */ = {isa = PBXBuildFile; fileRef = 87A3F72B1D7EAE4100094565 /* Assets.xcassets */; };
		87A3F73A1D7EAE4100094565 /* BossZPTests.m in Sources */ = {isa = PBXBuildFile; fileRef = 87A3F7391D7EAE4100094565 /* BossZPTests.m */; };
		87A3F7451D7EAE4100094565 /* BossZPUITests.m in Sources */ = {isa = PBXBuildFile; fileRef = 87A3F7441D7EAE4100094565 /* BossZPUITests.m */; };
		87A3F7691D7EBC5800094565 /* AppDelegate.m in Sources */ = {isa = PBXBuildFile; fileRef = 87A3F7541D7EBC5800094565 /* AppDelegate.m */; };
		87A3F76B1D7EBE4D00094565 /* BossZPKit.bundle in Resources */ = {isa = PBXBuildFile; fileRef = 87A3F76A1D7EBE4D00094565 /* BossZPKit.bundle */; };
		87A3F76E1D7EBE6D00094565 /* BaseTextField.m in Sources */ = {isa = PBXBuildFile; fileRef = 87A3F76D1D7EBE6D00094565 /* BaseTextField.m */; };
		87A3F7711D7EBEA300094565 /* BaseView.m in Sources */ = {isa = PBXBuildFile; fileRef = 87A3F7701D7EBEA300094565 /* BaseView.m */; };
		87A3F7741D7EBEB800094565 /* BaseViewController.m in Sources */ = {isa = PBXBuildFile; fileRef = 87A3F7731D7EBEB800094565 /* BaseViewController.m */; };
		87A3F7771D7EBEC500094565 /* BaseViewModel.m in Sources */ = {isa = PBXBuildFile; fileRef = 87A3F7761D7EBEC500094565 /* BaseViewModel.m */; };
		87A60DC11D81048F0041F2E6 /* MainViewController.m in Sources */ = {isa = PBXBuildFile; fileRef = 87A60DC01D81048F0041F2E6 /* MainViewController.m */; };
		87A60DD81D8105FD0041F2E6 /* CompanyViewController.m in Sources */ = {isa = PBXBuildFile; fileRef = 87A60DD71D8105FD0041F2E6 /* CompanyViewController.m */; };
		87A60DDB1D81060A0041F2E6 /* JobViewController.m in Sources */ = {isa = PBXBuildFile; fileRef = 87A60DDA1D81060A0041F2E6 /* JobViewController.m */; };
		87A60DDE1D81061C0041F2E6 /* MessageViewController.m in Sources */ = {isa = PBXBuildFile; fileRef = 87A60DDD1D81061C0041F2E6 /* MessageViewController.m */; };
		87A60DE11D8106280041F2E6 /* PersonalViewController.m in Sources */ = {isa = PBXBuildFile; fileRef = 87A60DE01D8106280041F2E6 /* PersonalViewController.m */; };
		87C6F6AA1D812E750074BDD5 /* JobView.m in Sources */ = {isa = PBXBuildFile; fileRef = 87C6F6A91D812E750074BDD5 /* JobView.m */; };
		87C6F6AD1D812E970074BDD5 /* JobViewModel.m in Sources */ = {isa = PBXBuildFile; fileRef = 87C6F6AC1D812E970074BDD5 /* JobViewModel.m */; };
		87C6F6B01D812FD40074BDD5 /* JobTableViewCell.m in Sources */ = {isa = PBXBuildFile; fileRef = 87C6F6AF1D812FD40074BDD5 /* JobTableViewCell.m */; };
		87C6F6B31D8132E90074BDD5 /* JobModel.m in Sources */ = {isa = PBXBuildFile; fileRef = 87C6F6B21D8132E90074BDD5 /* JobModel.m */; };
		87C6F6B61D813E8C0074BDD5 /* ViewController.m in Sources */ = {isa = PBXBuildFile; fileRef = 87C6F6B51D813E8C0074BDD5 /* ViewController.m */; };
		D36A89B4562B88F281277723 /* Pods_BossZP.framework in Frameworks */ = {isa = PBXBuildFile; fileRef = A62A2B876FD81842743B1CAD /* Pods_BossZP.framework */; };
/* End PBXBuildFile section */

/* Begin PBXContainerItemProxy section */
		87A3F7361D7EAE4100094565 /* PBXContainerItemProxy */ = {
			isa = PBXContainerItemProxy;
			containerPortal = 87A3F7111D7EAE4100094565 /* Project object */;
			proxyType = 1;
			remoteGlobalIDString = 87A3F7181D7EAE4100094565;
			remoteInfo = BossZP;
		};
		87A3F7411D7EAE4100094565 /* PBXContainerItemProxy */ = {
			isa = PBXContainerItemProxy;
			containerPortal = 87A3F7111D7EAE4100094565 /* Project object */;
			proxyType = 1;
			remoteGlobalIDString = 87A3F7181D7EAE4100094565;
			remoteInfo = BossZP;
		};
/* End PBXContainerItemProxy section */

/* Begin PBXFileReference section */
		24FAA2C5008B0A2DCD14A9FD /* Pods-BossZP.debug.xcconfig */ = {isa = PBXFileReference; includeInIndex = 1; lastKnownFileType = text.xcconfig; name = "Pods-BossZP.debug.xcconfig"; path = "Pods/Target Support Files/Pods-BossZP/Pods-BossZP.debug.xcconfig"; sourceTree = "<group>"; };
		870A61CD1D7F9FD6001A9F46 /* AppMacro.h */ = {isa = PBXFileReference; fileEncoding = 4; lastKnownFileType = sourcecode.c.h; path = AppMacro.h; sourceTree = "<group>"; };
		870A61CE1D7FA003001A9F46 /* NotificationMacro.h */ = {isa = PBXFileReference; fileEncoding = 4; lastKnownFileType = sourcecode.c.h; path = NotificationMacro.h; sourceTree = "<group>"; };
		870A61CF1D7FA012001A9F46 /* VendorMacro.h */ = {isa = PBXFileReference; fileEncoding = 4; lastKnownFileType = sourcecode.c.h; path = VendorMacro.h; sourceTree = "<group>"; };
		870A61D01D7FA020001A9F46 /* UtilsMacro.h */ = {isa = PBXFileReference; fileEncoding = 4; lastKnownFileType = sourcecode.c.h; path = UtilsMacro.h; sourceTree = "<group>"; };
		870A61D11D7FA046001A9F46 /* KeyChain.h */ = {isa = PBXFileReference; fileEncoding = 4; lastKnownFileType = sourcecode.c.h; path = KeyChain.h; sourceTree = "<group>"; };
		870A61D21D7FA046001A9F46 /* KeyChain.m */ = {isa = PBXFileReference; fileEncoding = 4; lastKnownFileType = sourcecode.c.objc; path = KeyChain.m; sourceTree = "<group>"; };
		870A61D41D7FA293001A9F46 /* ss_PrefixHeader.pch */ = {isa = PBXFileReference; fileEncoding = 4; lastKnownFileType = sourcecode.c.h; path = ss_PrefixHeader.pch; sourceTree = "<group>"; };
		870A61E91D7FA40F001A9F46 /* LoginViewController.h */ = {isa = PBXFileReference; fileEncoding = 4; lastKnownFileType = sourcecode.c.h; path = LoginViewController.h; sourceTree = "<group>"; };
		870A61EA1D7FA40F001A9F46 /* LoginViewController.m */ = {isa = PBXFileReference; fileEncoding = 4; lastKnownFileType = sourcecode.c.objc; path = LoginViewController.m; sourceTree = "<group>"; };
		870A61EC1D7FA42C001A9F46 /* LoginView.h */ = {isa = PBXFileReference; fileEncoding = 4; lastKnownFileType = sourcecode.c.h; path = LoginView.h; sourceTree = "<group>"; };
		870A61ED1D7FA42C001A9F46 /* LoginView.m */ = {isa = PBXFileReference; fileEncoding = 4; lastKnownFileType = sourcecode.c.objc; path = LoginView.m; sourceTree = "<group>"; };
		870A61EF1D7FA43E001A9F46 /* LoginViewModel.h */ = {isa = PBXFileReference; fileEncoding = 4; lastKnownFileType = sourcecode.c.h; path = LoginViewModel.h; sourceTree = "<group>"; };
		870A61F01D7FA43E001A9F46 /* LoginViewModel.m */ = {isa = PBXFileReference; fileEncoding = 4; lastKnownFileType = sourcecode.c.objc; path = LoginViewModel.m; sourceTree = "<group>"; };
		870A61F51D7FAC90001A9F46 /* ForgotViewController.h */ = {isa = PBXFileReference; fileEncoding = 4; lastKnownFileType = sourcecode.c.h; path = ForgotViewController.h; sourceTree = "<group>"; };
		870A61F61D7FAC90001A9F46 /* ForgotViewController.m */ = {isa = PBXFileReference; fileEncoding = 4; lastKnownFileType = sourcecode.c.objc; path = ForgotViewController.m; sourceTree = "<group>"; };
		870A61F81D7FACAC001A9F46 /* RegisterViewController.h */ = {isa = PBXFileReference; fileEncoding = 4; lastKnownFileType = sourcecode.c.h; path = RegisterViewController.h; sourceTree = "<group>"; };
		870A61F91D7FACAC001A9F46 /* RegisterViewController.m */ = {isa = PBXFileReference; fileEncoding = 4; lastKnownFileType = sourcecode.c.objc; path = RegisterViewController.m; sourceTree = "<group>"; };
		870A61FB1D7FAD9B001A9F46 /* NSString+MD5.h */ = {isa = PBXFileReference; fileEncoding = 4; lastKnownFileType = sourcecode.c.h; path = "NSString+MD5.h"; sourceTree = "<group>"; };
		870A61FC1D7FAD9B001A9F46 /* NSString+MD5.m */ = {isa = PBXFileReference; fileEncoding = 4; lastKnownFileType = sourcecode.c.objc; path = "NSString+MD5.m"; sourceTree = "<group>"; };
		870A62021D7FBCB3001A9F46 /* RegisterTask.h */ = {isa = PBXFileReference; fileEncoding = 4; lastKnownFileType = sourcecode.c.h; path = RegisterTask.h; sourceTree = "<group>"; };
		870A62031D7FBCB3001A9F46 /* RegisterTask.m */ = {isa = PBXFileReference; fileEncoding = 4; lastKnownFileType = sourcecode.c.objc; path = RegisterTask.m; sourceTree = "<group>"; };
		870A62051D7FBD29001A9F46 /* RegisterData.h */ = {isa = PBXFileReference; fileEncoding = 4; lastKnownFileType = sourcecode.c.h; path = RegisterData.h; sourceTree = "<group>"; };
		870A62061D7FBD29001A9F46 /* RegisterData.m */ = {isa = PBXFileReference; fileEncoding = 4; lastKnownFileType = sourcecode.c.objc; path = RegisterData.m; sourceTree = "<group>"; };
		87A022341D7FBDBE007686E3 /* ServiceTaskProtocol.h */ = {isa = PBXFileReference; fileEncoding = 4; lastKnownFileType = sourcecode.c.h; path = ServiceTaskProtocol.h; sourceTree = "<group>"; };
		87A022351D7FBF31007686E3 /* NSDictionary+Json.h */ = {isa = PBXFileReference; fileEncoding = 4; lastKnownFileType = sourcecode.c.h; path = "NSDictionary+Json.h"; sourceTree = "<group>"; };
		87A022361D7FBF31007686E3 /* NSDictionary+Json.m */ = {isa = PBXFileReference; fileEncoding = 4; lastKnownFileType = sourcecode.c.objc; path = "NSDictionary+Json.m"; sourceTree = "<group>"; };
		87A022381D7FC07B007686E3 /* RegisterView.h */ = {isa = PBXFileReference; fileEncoding = 4; lastKnownFileType = sourcecode.c.h; path = RegisterView.h; sourceTree = "<group>"; };
		87A022391D7FC07B007686E3 /* RegisterView.m */ = {isa = PBXFileReference; fileEncoding = 4; lastKnownFileType = sourcecode.c.objc; path = RegisterView.m; sourceTree = "<group>"; };
		87A0223B1D7FC094007686E3 /* RegisterViewModel.h */ = {isa = PBXFileReference; fileEncoding = 4; lastKnownFileType = sourcecode.c.h; path = RegisterViewModel.h; sourceTree = "<group>"; };
		87A0223C1D7FC094007686E3 /* RegisterViewModel.m */ = {isa = PBXFileReference; fileEncoding = 4; lastKnownFileType = sourcecode.c.objc; path = RegisterViewModel.m; sourceTree = "<group>"; };
		87A0223E1D7FC13C007686E3 /* RegisterService.h */ = {isa = PBXFileReference; fileEncoding = 4; lastKnownFileType = sourcecode.c.h; path = RegisterService.h; sourceTree = "<group>"; };
		87A0223F1D7FC13C007686E3 /* RegisterService.m */ = {isa = PBXFileReference; fileEncoding = 4; lastKnownFileType = sourcecode.c.objc; path = RegisterService.m; sourceTree = "<group>"; };
		87A022411D7FDEDB007686E3 /* BaseButton.h */ = {isa = PBXFileReference; fileEncoding = 4; lastKnownFileType = sourcecode.c.h; path = BaseButton.h; sourceTree = "<group>"; };
		87A022421D7FDEDB007686E3 /* BaseButton.m */ = {isa = PBXFileReference; fileEncoding = 4; lastKnownFileType = sourcecode.c.objc; path = BaseButton.m; sourceTree = "<group>"; };
		87A3F7191D7EAE4100094565 /* BossZP.app */ = {isa = PBXFileReference; explicitFileType = wrapper.application; includeInIndex = 0; path = BossZP.app; sourceTree = BUILT_PRODUCTS_DIR; };
		87A3F71D1D7EAE4100094565 /* main.m */ = {isa = PBXFileReference; lastKnownFileType = sourcecode.c.objc; path = main.m; sourceTree = "<group>"; };
		87A3F7261D7EAE4100094565 /* Base */ = {isa = PBXFileReference; lastKnownFileType = file.storyboard; name = Base; path = Base.lproj/Main.storyboard; sourceTree = "<group>"; };
		87A3F7291D7EAE4100094565 /* BossZP.xcdatamodel */ = {isa = PBXFileReference; lastKnownFileType = wrapper.xcdatamodel; path = BossZP.xcdatamodel; sourceTree = "<group>"; };
		87A3F72B1D7EAE4100094565 /* Assets.xcassets */ = {isa = PBXFileReference; lastKnownFileType = folder.assetcatalog; path = Assets.xcassets; sourceTree = "<group>"; };
		87A3F7301D7EAE4100094565 /* Info.plist */ = {isa = PBXFileReference; lastKnownFileType = text.plist.xml; path = Info.plist; sourceTree = "<group>"; };
		87A3F7351D7EAE4100094565 /* BossZPTests.xctest */ = {isa = PBXFileReference; explicitFileType = wrapper.cfbundle; includeInIndex = 0; path = BossZPTests.xctest; sourceTree = BUILT_PRODUCTS_DIR; };
		87A3F7391D7EAE4100094565 /* BossZPTests.m */ = {isa = PBXFileReference; lastKnownFileType = sourcecode.c.objc; path = BossZPTests.m; sourceTree = "<group>"; };
		87A3F73B1D7EAE4100094565 /* Info.plist */ = {isa = PBXFileReference; lastKnownFileType = text.plist.xml; path = Info.plist; sourceTree = "<group>"; };
		87A3F7401D7EAE4100094565 /* BossZPUITests.xctest */ = {isa = PBXFileReference; explicitFileType = wrapper.cfbundle; includeInIndex = 0; path = BossZPUITests.xctest; sourceTree = BUILT_PRODUCTS_DIR; };
		87A3F7441D7EAE4100094565 /* BossZPUITests.m */ = {isa = PBXFileReference; lastKnownFileType = sourcecode.c.objc; path = BossZPUITests.m; sourceTree = "<group>"; };
		87A3F7461D7EAE4100094565 /* Info.plist */ = {isa = PBXFileReference; lastKnownFileType = text.plist.xml; path = Info.plist; sourceTree = "<group>"; };
		87A3F7531D7EBC5800094565 /* AppDelegate.h */ = {isa = PBXFileReference; fileEncoding = 4; lastKnownFileType = sourcecode.c.h; path = AppDelegate.h; sourceTree = "<group>"; };
		87A3F7541D7EBC5800094565 /* AppDelegate.m */ = {isa = PBXFileReference; fileEncoding = 4; lastKnownFileType = sourcecode.c.objc; path = AppDelegate.m; sourceTree = "<group>"; };
		87A3F76A1D7EBE4D00094565 /* BossZPKit.bundle */ = {isa = PBXFileReference; lastKnownFileType = "wrapper.plug-in"; path = BossZPKit.bundle; sourceTree = "<group>"; };
		87A3F76C1D7EBE6D00094565 /* BaseTextField.h */ = {isa = PBXFileReference; fileEncoding = 4; lastKnownFileType = sourcecode.c.h; path = BaseTextField.h; sourceTree = "<group>"; };
		87A3F76D1D7EBE6D00094565 /* BaseTextField.m */ = {isa = PBXFileReference; fileEncoding = 4; lastKnownFileType = sourcecode.c.objc; path = BaseTextField.m; sourceTree = "<group>"; };
		87A3F76F1D7EBEA300094565 /* BaseView.h */ = {isa = PBXFileReference; fileEncoding = 4; lastKnownFileType = sourcecode.c.h; path = BaseView.h; sourceTree = "<group>"; };
		87A3F7701D7EBEA300094565 /* BaseView.m */ = {isa = PBXFileReference; fileEncoding = 4; lastKnownFileType = sourcecode.c.objc; path = BaseView.m; sourceTree = "<group>"; };
		87A3F7721D7EBEB800094565 /* BaseViewController.h */ = {isa = PBXFileReference; fileEncoding = 4; lastKnownFileType = sourcecode.c.h; path = BaseViewController.h; sourceTree = "<group>"; };
		87A3F7731D7EBEB800094565 /* BaseViewController.m */ = {isa = PBXFileReference; fileEncoding = 4; lastKnownFileType = sourcecode.c.objc; path = BaseViewController.m; sourceTree = "<group>"; };
		87A3F7751D7EBEC500094565 /* BaseViewModel.h */ = {isa = PBXFileReference; fileEncoding = 4; lastKnownFileType = sourcecode.c.h; path = BaseViewModel.h; sourceTree = "<group>"; };
		87A3F7761D7EBEC500094565 /* BaseViewModel.m */ = {isa = PBXFileReference; fileEncoding = 4; lastKnownFileType = sourcecode.c.objc; path = BaseViewModel.m; sourceTree = "<group>"; };
		87A3F7781D7EC04300094565 /* BaseViewProtocol.h */ = {isa = PBXFileReference; fileEncoding = 4; lastKnownFileType = sourcecode.c.h; path = BaseViewProtocol.h; sourceTree = "<group>"; };
		87A3F7791D7EC06E00094565 /* BaseViewModelProtocol.h */ = {isa = PBXFileReference; fileEncoding = 4; lastKnownFileType = sourcecode.c.h; path = BaseViewModelProtocol.h; sourceTree = "<group>"; };
		87A3F77A1D7EC08400094565 /* BaseViewControllerProtocol.h */ = {isa = PBXFileReference; fileEncoding = 4; lastKnownFileType = sourcecode.c.h; path = BaseViewControllerProtocol.h; sourceTree = "<group>"; };
		87A60DBF1D81048F0041F2E6 /* MainViewController.h */ = {isa = PBXFileReference; fileEncoding = 4; lastKnownFileType = sourcecode.c.h; path = MainViewController.h; sourceTree = "<group>"; };
		87A60DC01D81048F0041F2E6 /* MainViewController.m */ = {isa = PBXFileReference; fileEncoding = 4; lastKnownFileType = sourcecode.c.objc; path = MainViewController.m; sourceTree = "<group>"; };
		87A60DD61D8105FD0041F2E6 /* CompanyViewController.h */ = {isa = PBXFileReference; fileEncoding = 4; lastKnownFileType = sourcecode.c.h; path = CompanyViewController.h; sourceTree = "<group>"; };
		87A60DD71D8105FD0041F2E6 /* CompanyViewController.m */ = {isa = PBXFileReference; fileEncoding = 4; lastKnownFileType = sourcecode.c.objc; path = CompanyViewController.m; sourceTree = "<group>"; };
		87A60DD91D81060A0041F2E6 /* JobViewController.h */ = {isa = PBXFileReference; fileEncoding = 4; lastKnownFileType = sourcecode.c.h; path = JobViewController.h; sourceTree = "<group>"; };
		87A60DDA1D81060A0041F2E6 /* JobViewController.m */ = {isa = PBXFileReference; fileEncoding = 4; lastKnownFileType = sourcecode.c.objc; path = JobViewController.m; sourceTree = "<group>"; };
		87A60DDC1D81061C0041F2E6 /* MessageViewController.h */ = {isa = PBXFileReference; fileEncoding = 4; lastKnownFileType = sourcecode.c.h; path = MessageViewController.h; sourceTree = "<group>"; };
		87A60DDD1D81061C0041F2E6 /* MessageViewController.m */ = {isa = PBXFileReference; fileEncoding = 4; lastKnownFileType = sourcecode.c.objc; path = MessageViewController.m; sourceTree = "<group>"; };
		87A60DDF1D8106280041F2E6 /* PersonalViewController.h */ = {isa = PBXFileReference; fileEncoding = 4; lastKnownFileType = sourcecode.c.h; path = PersonalViewController.h; sourceTree = "<group>"; };
		87A60DE01D8106280041F2E6 /* PersonalViewController.m */ = {isa = PBXFileReference; fileEncoding = 4; lastKnownFileType = sourcecode.c.objc; path = PersonalViewController.m; sourceTree = "<group>"; };
		87C6F6A81D812E750074BDD5 /* JobView.h */ = {isa = PBXFileReference; fileEncoding = 4; lastKnownFileType = sourcecode.c.h; path = JobView.h; sourceTree = "<group>"; };
		87C6F6A91D812E750074BDD5 /* JobView.m */ = {isa = PBXFileReference; fileEncoding = 4; lastKnownFileType = sourcecode.c.objc; path = JobView.m; sourceTree = "<group>"; };
		87C6F6AB1D812E970074BDD5 /* JobViewModel.h */ = {isa = PBXFileReference; fileEncoding = 4; lastKnownFileType = sourcecode.c.h; path = JobViewModel.h; sourceTree = "<group>"; };
		87C6F6AC1D812E970074BDD5 /* JobViewModel.m */ = {isa = PBXFileReference; fileEncoding = 4; lastKnownFileType = sourcecode.c.objc; path = JobViewModel.m; sourceTree = "<group>"; };
		87C6F6AE1D812FD40074BDD5 /* JobTableViewCell.h */ = {isa = PBXFileReference; fileEncoding = 4; lastKnownFileType = sourcecode.c.h; path = JobTableViewCell.h; sourceTree = "<group>"; };
		87C6F6AF1D812FD40074BDD5 /* JobTableViewCell.m */ = {isa = PBXFileReference; fileEncoding = 4; lastKnownFileType = sourcecode.c.objc; path = JobTableViewCell.m; sourceTree = "<group>"; };
		87C6F6B11D8132E90074BDD5 /* JobModel.h */ = {isa = PBXFileReference; fileEncoding = 4; lastKnownFileType = sourcecode.c.h; path = JobModel.h; sourceTree = "<group>"; };
		87C6F6B21D8132E90074BDD5 /* JobModel.m */ = {isa = PBXFileReference; fileEncoding = 4; lastKnownFileType = sourcecode.c.objc; path = JobModel.m; sourceTree = "<group>"; };
		87C6F6B41D813E8C0074BDD5 /* ViewController.h */ = {isa = PBXFileReference; fileEncoding = 4; lastKnownFileType = sourcecode.c.h; path = ViewController.h; sourceTree = "<group>"; };
		87C6F6B51D813E8C0074BDD5 /* ViewController.m */ = {isa = PBXFileReference; fileEncoding = 4; lastKnownFileType = sourcecode.c.objc; path = ViewController.m; sourceTree = "<group>"; };
		A62A2B876FD81842743B1CAD /* Pods_BossZP.framework */ = {isa = PBXFileReference; explicitFileType = wrapper.framework; includeInIndex = 0; path = Pods_BossZP.framework; sourceTree = BUILT_PRODUCTS_DIR; };
		D4B7F385A877824FFA2006E7 /* Pods-BossZP.release.xcconfig */ = {isa = PBXFileReference; includeInIndex = 1; lastKnownFileType = text.xcconfig; name = "Pods-BossZP.release.xcconfig"; path = "Pods/Target Support Files/Pods-BossZP/Pods-BossZP.release.xcconfig"; sourceTree = "<group>"; };
/* End PBXFileReference section */

/* Begin PBXFrameworksBuildPhase section */
		87A3F7161D7EAE4100094565 /* Frameworks */ = {
			isa = PBXFrameworksBuildPhase;
			buildActionMask = 2147483647;
			files = (
				D36A89B4562B88F281277723 /* Pods_BossZP.framework in Frameworks */,
			);
			runOnlyForDeploymentPostprocessing = 0;
		};
		87A3F7321D7EAE4100094565 /* Frameworks */ = {
			isa = PBXFrameworksBuildPhase;
			buildActionMask = 2147483647;
			files = (
			);
			runOnlyForDeploymentPostprocessing = 0;
		};
		87A3F73D1D7EAE4100094565 /* Frameworks */ = {
			isa = PBXFrameworksBuildPhase;
			buildActionMask = 2147483647;
			files = (
			);
			runOnlyForDeploymentPostprocessing = 0;
		};
/* End PBXFrameworksBuildPhase section */

/* Begin PBXGroup section */
		20E30FC63B105483B3F9424C /* Frameworks */ = {
			isa = PBXGroup;
			children = (
				A62A2B876FD81842743B1CAD /* Pods_BossZP.framework */,
			);
			name = Frameworks;
			sourceTree = "<group>";
		};
		804A3D78959EA0E880D7DE05 /* Pods */ = {
			isa = PBXGroup;
			children = (
				24FAA2C5008B0A2DCD14A9FD /* Pods-BossZP.debug.xcconfig */,
				D4B7F385A877824FFA2006E7 /* Pods-BossZP.release.xcconfig */,
			);
			name = Pods;
			sourceTree = "<group>";
		};
		870A61D51D7FA3DC001A9F46 /* ForgotPassword */ = {
			isa = PBXGroup;
			children = (
				870A61D61D7FA3DC001A9F46 /* Model */,
				870A61D71D7FA3DC001A9F46 /* View */,
				870A61D81D7FA3DC001A9F46 /* ViewController */,
				870A61D91D7FA3DC001A9F46 /* ViewModel */,
			);
			path = ForgotPassword;
			sourceTree = "<group>";
		};
		870A61D61D7FA3DC001A9F46 /* Model */ = {
			isa = PBXGroup;
			children = (
			);
			path = Model;
			sourceTree = "<group>";
		};
		870A61D71D7FA3DC001A9F46 /* View */ = {
			isa = PBXGroup;
			children = (
			);
			path = View;
			sourceTree = "<group>";
		};
		870A61D81D7FA3DC001A9F46 /* ViewController */ = {
			isa = PBXGroup;
			children = (
				870A61F51D7FAC90001A9F46 /* ForgotViewController.h */,
				870A61F61D7FAC90001A9F46 /* ForgotViewController.m */,
			);
			path = ViewController;
			sourceTree = "<group>";
		};
		870A61D91D7FA3DC001A9F46 /* ViewModel */ = {
			isa = PBXGroup;
			children = (
			);
			path = ViewModel;
			sourceTree = "<group>";
		};
		870A61DA1D7FA3DC001A9F46 /* Login */ = {
			isa = PBXGroup;
			children = (
				870A61DB1D7FA3DC001A9F46 /* Model */,
				870A61DC1D7FA3DC001A9F46 /* View */,
				870A61DD1D7FA3DC001A9F46 /* ViewController */,
				870A61DE1D7FA3DC001A9F46 /* ViewModel */,
			);
			path = Login;
			sourceTree = "<group>";
		};
		870A61DB1D7FA3DC001A9F46 /* Model */ = {
			isa = PBXGroup;
			children = (
			);
			path = Model;
			sourceTree = "<group>";
		};
		870A61DC1D7FA3DC001A9F46 /* View */ = {
			isa = PBXGroup;
			children = (
				870A61EC1D7FA42C001A9F46 /* LoginView.h */,
				870A61ED1D7FA42C001A9F46 /* LoginView.m */,
			);
			path = View;
			sourceTree = "<group>";
		};
		870A61DD1D7FA3DC001A9F46 /* ViewController */ = {
			isa = PBXGroup;
			children = (
				870A61E91D7FA40F001A9F46 /* LoginViewController.h */,
				870A61EA1D7FA40F001A9F46 /* LoginViewController.m */,
			);
			path = ViewController;
			sourceTree = "<group>";
		};
		870A61DE1D7FA3DC001A9F46 /* ViewModel */ = {
			isa = PBXGroup;
			children = (
				870A61EF1D7FA43E001A9F46 /* LoginViewModel.h */,
				870A61F01D7FA43E001A9F46 /* LoginViewModel.m */,
			);
			path = ViewModel;
			sourceTree = "<group>";
		};
		870A61DF1D7FA3DC001A9F46 /* Main */ = {
			isa = PBXGroup;
			children = (
				870A61E01D7FA3DC001A9F46 /* Model */,
				870A61E11D7FA3DC001A9F46 /* View */,
				870A61E21D7FA3DC001A9F46 /* ViewController */,
				870A61E31D7FA3DC001A9F46 /* ViewModel */,
			);
			path = Main;
			sourceTree = "<group>";
		};
		870A61E01D7FA3DC001A9F46 /* Model */ = {
			isa = PBXGroup;
			children = (
			);
			path = Model;
			sourceTree = "<group>";
		};
		870A61E11D7FA3DC001A9F46 /* View */ = {
			isa = PBXGroup;
			children = (
			);
			path = View;
			sourceTree = "<group>";
		};
		870A61E21D7FA3DC001A9F46 /* ViewController */ = {
			isa = PBXGroup;
			children = (
				87A60DBF1D81048F0041F2E6 /* MainViewController.h */,
				87A60DC01D81048F0041F2E6 /* MainViewController.m */,
			);
			path = ViewController;
			sourceTree = "<group>";
		};
		870A61E31D7FA3DC001A9F46 /* ViewModel */ = {
			isa = PBXGroup;
			children = (
			);
			path = ViewModel;
			sourceTree = "<group>";
		};
		870A61E41D7FA3DC001A9F46 /* RegisterUser */ = {
			isa = PBXGroup;
			children = (
				870A61E51D7FA3DC001A9F46 /* Model */,
				870A61E61D7FA3DC001A9F46 /* View */,
				870A61E71D7FA3DC001A9F46 /* ViewController */,
				870A61E81D7FA3DC001A9F46 /* ViewModel */,
			);
			path = RegisterUser;
			sourceTree = "<group>";
		};
		870A61E51D7FA3DC001A9F46 /* Model */ = {
			isa = PBXGroup;
			children = (
			);
			path = Model;
			sourceTree = "<group>";
		};
		870A61E61D7FA3DC001A9F46 /* View */ = {
			isa = PBXGroup;
			children = (
				87A022381D7FC07B007686E3 /* RegisterView.h */,
				87A022391D7FC07B007686E3 /* RegisterView.m */,
			);
			path = View;
			sourceTree = "<group>";
		};
		870A61E71D7FA3DC001A9F46 /* ViewController */ = {
			isa = PBXGroup;
			children = (
				870A61F81D7FACAC001A9F46 /* RegisterViewController.h */,
				870A61F91D7FACAC001A9F46 /* RegisterViewController.m */,
			);
			path = ViewController;
			sourceTree = "<group>";
		};
		870A61E81D7FA3DC001A9F46 /* ViewModel */ = {
			isa = PBXGroup;
			children = (
				87A0223B1D7FC094007686E3 /* RegisterViewModel.h */,
				87A0223C1D7FC094007686E3 /* RegisterViewModel.m */,
			);
			path = ViewModel;
			sourceTree = "<group>";
		};
		870A62011D7FBC78001A9F46 /* RegisterManager */ = {
			isa = PBXGroup;
			children = (
				870A62021D7FBCB3001A9F46 /* RegisterTask.h */,
				870A62031D7FBCB3001A9F46 /* RegisterTask.m */,
				870A62051D7FBD29001A9F46 /* RegisterData.h */,
				870A62061D7FBD29001A9F46 /* RegisterData.m */,
				87A022341D7FBDBE007686E3 /* ServiceTaskProtocol.h */,
				87A0223E1D7FC13C007686E3 /* RegisterService.h */,
				87A0223F1D7FC13C007686E3 /* RegisterService.m */,
			);
			path = RegisterManager;
			sourceTree = "<group>";
		};
		87A3F7101D7EAE4100094565 = {
			isa = PBXGroup;
			children = (
				87A3F71B1D7EAE4100094565 /* BossZP */,
				87A3F7381D7EAE4100094565 /* BossZPTests */,
				87A3F7431D7EAE4100094565 /* BossZPUITests */,
				87A3F71A1D7EAE4100094565 /* Products */,
				804A3D78959EA0E880D7DE05 /* Pods */,
				20E30FC63B105483B3F9424C /* Frameworks */,
			);
			sourceTree = "<group>";
		};
		87A3F71A1D7EAE4100094565 /* Products */ = {
			isa = PBXGroup;
			children = (
				87A3F7191D7EAE4100094565 /* BossZP.app */,
				87A3F7351D7EAE4100094565 /* BossZPTests.xctest */,
				87A3F7401D7EAE4100094565 /* BossZPUITests.xctest */,
			);
			name = Products;
			sourceTree = "<group>";
		};
		87A3F71B1D7EAE4100094565 /* BossZP */ = {
			isa = PBXGroup;
			children = (
				87A3F7521D7EBC5800094565 /* AppDelegate */,
				87A3F7551D7EBC5800094565 /* Classes */,
				87A3F7641D7EBC5800094565 /* Resource */,
				87A3F71C1D7EAE4100094565 /* Supporting Files */,
			);
			path = BossZP;
			sourceTree = "<group>";
		};
		87A3F71C1D7EAE4100094565 /* Supporting Files */ = {
			isa = PBXGroup;
			children = (
				87A3F7251D7EAE4100094565 /* Main.storyboard */,
				87A3F72B1D7EAE4100094565 /* Assets.xcassets */,
				87A3F7301D7EAE4100094565 /* Info.plist */,
				87A3F7281D7EAE4100094565 /* BossZP.xcdatamodeld */,
				87A3F71D1D7EAE4100094565 /* main.m */,
				870A61D41D7FA293001A9F46 /* ss_PrefixHeader.pch */,
			);
			name = "Supporting Files";
			sourceTree = "<group>";
		};
		87A3F7381D7EAE4100094565 /* BossZPTests */ = {
			isa = PBXGroup;
			children = (
				87A3F7391D7EAE4100094565 /* BossZPTests.m */,
				87A3F73B1D7EAE4100094565 /* Info.plist */,
			);
			path = BossZPTests;
			sourceTree = "<group>";
		};
		87A3F7431D7EAE4100094565 /* BossZPUITests */ = {
			isa = PBXGroup;
			children = (
				87A3F7441D7EAE4100094565 /* BossZPUITests.m */,
				87A3F7461D7EAE4100094565 /* Info.plist */,
			);
			path = BossZPUITests;
			sourceTree = "<group>";
		};
		87A3F7521D7EBC5800094565 /* AppDelegate */ = {
			isa = PBXGroup;
			children = (
				87A3F7531D7EBC5800094565 /* AppDelegate.h */,
				87A3F7541D7EBC5800094565 /* AppDelegate.m */,
				87C6F6B41D813E8C0074BDD5 /* ViewController.h */,
				87C6F6B51D813E8C0074BDD5 /* ViewController.m */,
			);
			path = AppDelegate;
			sourceTree = "<group>";
		};
		87A3F7551D7EBC5800094565 /* Classes */ = {
			isa = PBXGroup;
			children = (
				87A3F7561D7EBC5800094565 /* General */,
				87A3F75C1D7EBC5800094565 /* Helps */,
				87A3F75D1D7EBC5800094565 /* Macro */,
				87A3F75E1D7EBC5800094565 /* Section */,
				87A3F7631D7EBC5800094565 /* Vendors */,
			);
			path = Classes;
			sourceTree = "<group>";
		};
		87A3F7561D7EBC5800094565 /* General */ = {
			isa = PBXGroup;
			children = (
				87A3F7571D7EBC5800094565 /* Base */,
				87A3F7581D7EBC5800094565 /* Categories */,
				87A3F7591D7EBC5800094565 /* Core */,
				87A3F75A1D7EBC5800094565 /* Models */,
				87A3F75B1D7EBC5800094565 /* Views */,
			);
			path = General;
			sourceTree = "<group>";
		};
		87A3F7571D7EBC5800094565 /* Base */ = {
			isa = PBXGroup;
			children = (
				87A3F7721D7EBEB800094565 /* BaseViewController.h */,
				87A3F7731D7EBEB800094565 /* BaseViewController.m */,
				87A3F77A1D7EC08400094565 /* BaseViewControllerProtocol.h */,
				87A3F76F1D7EBEA300094565 /* BaseView.h */,
				87A3F7701D7EBEA300094565 /* BaseView.m */,
				87A3F7781D7EC04300094565 /* BaseViewProtocol.h */,
				87A3F7751D7EBEC500094565 /* BaseViewModel.h */,
				87A3F7761D7EBEC500094565 /* BaseViewModel.m */,
				87A3F7791D7EC06E00094565 /* BaseViewModelProtocol.h */,
				87A3F76C1D7EBE6D00094565 /* BaseTextField.h */,
				87A3F76D1D7EBE6D00094565 /* BaseTextField.m */,
				87A022411D7FDEDB007686E3 /* BaseButton.h */,
				87A022421D7FDEDB007686E3 /* BaseButton.m */,
			);
			path = Base;
			sourceTree = "<group>";
		};
		87A3F7581D7EBC5800094565 /* Categories */ = {
			isa = PBXGroup;
			children = (
				870A61FB1D7FAD9B001A9F46 /* NSString+MD5.h */,
				870A61FC1D7FAD9B001A9F46 /* NSString+MD5.m */,
				87A022351D7FBF31007686E3 /* NSDictionary+Json.h */,
				87A022361D7FBF31007686E3 /* NSDictionary+Json.m */,
			);
			path = Categories;
			sourceTree = "<group>";
		};
		87A3F7591D7EBC5800094565 /* Core */ = {
			isa = PBXGroup;
			children = (
				870A62011D7FBC78001A9F46 /* RegisterManager */,
			);
			path = Core;
			sourceTree = "<group>";
		};
		87A3F75A1D7EBC5800094565 /* Models */ = {
			isa = PBXGroup;
			children = (
			);
			path = Models;
			sourceTree = "<group>";
		};
		87A3F75B1D7EBC5800094565 /* Views */ = {
			isa = PBXGroup;
			children = (
			);
			path = Views;
			sourceTree = "<group>";
		};
		87A3F75C1D7EBC5800094565 /* Helps */ = {
			isa = PBXGroup;
			children = (
				870A61D11D7FA046001A9F46 /* KeyChain.h */,
				870A61D21D7FA046001A9F46 /* KeyChain.m */,
			);
			path = Helps;
			sourceTree = "<group>";
		};
		87A3F75D1D7EBC5800094565 /* Macro */ = {
			isa = PBXGroup;
			children = (
				870A61CD1D7F9FD6001A9F46 /* AppMacro.h */,
				870A61CE1D7FA003001A9F46 /* NotificationMacro.h */,
				870A61CF1D7FA012001A9F46 /* VendorMacro.h */,
				870A61D01D7FA020001A9F46 /* UtilsMacro.h */,
			);
			path = Macro;
			sourceTree = "<group>";
		};
		87A3F75E1D7EBC5800094565 /* Section */ = {
			isa = PBXGroup;
			children = (
				87A60DC21D8105DD0041F2E6 /* Company */,
				87A60DC71D8105DD0041F2E6 /* Job */,
				87A60DCC1D8105DD0041F2E6 /* Message */,
				87A60DD11D8105DD0041F2E6 /* Personal */,
				870A61D51D7FA3DC001A9F46 /* ForgotPassword */,
				870A61DA1D7FA3DC001A9F46 /* Login */,
				870A61DF1D7FA3DC001A9F46 /* Main */,
				870A61E41D7FA3DC001A9F46 /* RegisterUser */,
			);
			path = Section;
			sourceTree = "<group>";
		};
		87A3F7631D7EBC5800094565 /* Vendors */ = {
			isa = PBXGroup;
			children = (
			);
			path = Vendors;
			sourceTree = "<group>";
		};
		87A3F7641D7EBC5800094565 /* Resource */ = {
			isa = PBXGroup;
			children = (
				87A3F7651D7EBC5800094565 /* Fonts */,
				87A3F7661D7EBC5800094565 /* Images */,
				87A3F7671D7EBC5800094565 /* Sounds */,
				87A3F7681D7EBC5800094565 /* Videos */,
			);
			path = Resource;
			sourceTree = "<group>";
		};
		87A3F7651D7EBC5800094565 /* Fonts */ = {
			isa = PBXGroup;
			children = (
			);
			path = Fonts;
			sourceTree = "<group>";
		};
		87A3F7661D7EBC5800094565 /* Images */ = {
			isa = PBXGroup;
			children = (
				87A3F76A1D7EBE4D00094565 /* BossZPKit.bundle */,
			);
			path = Images;
			sourceTree = "<group>";
		};
		87A3F7671D7EBC5800094565 /* Sounds */ = {
			isa = PBXGroup;
			children = (
			);
			path = Sounds;
			sourceTree = "<group>";
		};
		87A3F7681D7EBC5800094565 /* Videos */ = {
			isa = PBXGroup;
			children = (
			);
			path = Videos;
			sourceTree = "<group>";
		};
		87A60DC21D8105DD0041F2E6 /* Company */ = {
			isa = PBXGroup;
			children = (
				87A60DC31D8105DD0041F2E6 /* Model */,
				87A60DC41D8105DD0041F2E6 /* View */,
				87A60DC51D8105DD0041F2E6 /* ViewController */,
				87A60DC61D8105DD0041F2E6 /* ViewModel */,
			);
			path = Company;
			sourceTree = "<group>";
		};
		87A60DC31D8105DD0041F2E6 /* Model */ = {
			isa = PBXGroup;
			children = (
			);
			path = Model;
			sourceTree = "<group>";
		};
		87A60DC41D8105DD0041F2E6 /* View */ = {
			isa = PBXGroup;
			children = (
			);
			path = View;
			sourceTree = "<group>";
		};
		87A60DC51D8105DD0041F2E6 /* ViewController */ = {
			isa = PBXGroup;
			children = (
				87A60DD61D8105FD0041F2E6 /* CompanyViewController.h */,
				87A60DD71D8105FD0041F2E6 /* CompanyViewController.m */,
			);
			path = ViewController;
			sourceTree = "<group>";
		};
		87A60DC61D8105DD0041F2E6 /* ViewModel */ = {
			isa = PBXGroup;
			children = (
			);
			path = ViewModel;
			sourceTree = "<group>";
		};
		87A60DC71D8105DD0041F2E6 /* Job */ = {
			isa = PBXGroup;
			children = (
				87A60DC81D8105DD0041F2E6 /* Model */,
				87A60DC91D8105DD0041F2E6 /* View */,
				87A60DCA1D8105DD0041F2E6 /* ViewController */,
				87A60DCB1D8105DD0041F2E6 /* ViewModel */,
			);
			path = Job;
			sourceTree = "<group>";
		};
		87A60DC81D8105DD0041F2E6 /* Model */ = {
			isa = PBXGroup;
			children = (
				87C6F6B11D8132E90074BDD5 /* JobModel.h */,
				87C6F6B21D8132E90074BDD5 /* JobModel.m */,
			);
			path = Model;
			sourceTree = "<group>";
		};
		87A60DC91D8105DD0041F2E6 /* View */ = {
			isa = PBXGroup;
			children = (
				87C6F6A81D812E750074BDD5 /* JobView.h */,
				87C6F6A91D812E750074BDD5 /* JobView.m */,
				87C6F6AE1D812FD40074BDD5 /* JobTableViewCell.h */,
				87C6F6AF1D812FD40074BDD5 /* JobTableViewCell.m */,
			);
			path = View;
			sourceTree = "<group>";
		};
		87A60DCA1D8105DD0041F2E6 /* ViewController */ = {
			isa = PBXGroup;
			children = (
				87A60DD91D81060A0041F2E6 /* JobViewController.h */,
				87A60DDA1D81060A0041F2E6 /* JobViewController.m */,
			);
			path = ViewController;
			sourceTree = "<group>";
		};
		87A60DCB1D8105DD0041F2E6 /* ViewModel */ = {
			isa = PBXGroup;
			children = (
				87C6F6AB1D812E970074BDD5 /* JobViewModel.h */,
				87C6F6AC1D812E970074BDD5 /* JobViewModel.m */,
			);
			path = ViewModel;
			sourceTree = "<group>";
		};
		87A60DCC1D8105DD0041F2E6 /* Message */ = {
			isa = PBXGroup;
			children = (
				87A60DCD1D8105DD0041F2E6 /* Model */,
				87A60DCE1D8105DD0041F2E6 /* View */,
				87A60DCF1D8105DD0041F2E6 /* ViewController */,
				87A60DD01D8105DD0041F2E6 /* ViewModel */,
			);
			path = Message;
			sourceTree = "<group>";
		};
		87A60DCD1D8105DD0041F2E6 /* Model */ = {
			isa = PBXGroup;
			children = (
			);
			path = Model;
			sourceTree = "<group>";
		};
		87A60DCE1D8105DD0041F2E6 /* View */ = {
			isa = PBXGroup;
			children = (
			);
			path = View;
			sourceTree = "<group>";
		};
		87A60DCF1D8105DD0041F2E6 /* ViewController */ = {
			isa = PBXGroup;
			children = (
				87A60DDC1D81061C0041F2E6 /* MessageViewController.h */,
				87A60DDD1D81061C0041F2E6 /* MessageViewController.m */,
			);
			path = ViewController;
			sourceTree = "<group>";
		};
		87A60DD01D8105DD0041F2E6 /* ViewModel */ = {
			isa = PBXGroup;
			children = (
			);
			path = ViewModel;
			sourceTree = "<group>";
		};
		87A60DD11D8105DD0041F2E6 /* Personal */ = {
			isa = PBXGroup;
			children = (
				87A60DD21D8105DD0041F2E6 /* Model */,
				87A60DD31D8105DD0041F2E6 /* View */,
				87A60DD41D8105DD0041F2E6 /* ViewController */,
				87A60DD51D8105DD0041F2E6 /* ViewModel */,
			);
			path = Personal;
			sourceTree = "<group>";
		};
		87A60DD21D8105DD0041F2E6 /* Model */ = {
			isa = PBXGroup;
			children = (
			);
			path = Model;
			sourceTree = "<group>";
		};
		87A60DD31D8105DD0041F2E6 /* View */ = {
			isa = PBXGroup;
			children = (
			);
			path = View;
			sourceTree = "<group>";
		};
		87A60DD41D8105DD0041F2E6 /* ViewController */ = {
			isa = PBXGroup;
			children = (
				87A60DDF1D8106280041F2E6 /* PersonalViewController.h */,
				87A60DE01D8106280041F2E6 /* PersonalViewController.m */,
			);
			path = ViewController;
			sourceTree = "<group>";
		};
		87A60DD51D8105DD0041F2E6 /* ViewModel */ = {
			isa = PBXGroup;
			children = (
			);
			path = ViewModel;
			sourceTree = "<group>";
		};
/* End PBXGroup section */

/* Begin PBXNativeTarget section */
		87A3F7181D7EAE4100094565 /* BossZP */ = {
			isa = PBXNativeTarget;
			buildConfigurationList = 87A3F7491D7EAE4100094565 /* Build configuration list for PBXNativeTarget "BossZP" */;
			buildPhases = (
				8FABB605374EBE283BBEA238 /* Check Pods Manifest.lock */,
				87A3F7151D7EAE4100094565 /* Sources */,
				87A3F7161D7EAE4100094565 /* Frameworks */,
				87A3F7171D7EAE4100094565 /* Resources */,
				99B1B7C4C0D1FAF923E5385B /* Embed Pods Frameworks */,
				322AF98011FC74648186F42A /* Copy Pods Resources */,
			);
			buildRules = (
			);
			dependencies = (
			);
			name = BossZP;
			productName = BossZP;
			productReference = 87A3F7191D7EAE4100094565 /* BossZP.app */;
			productType = "com.apple.product-type.application";
		};
		87A3F7341D7EAE4100094565 /* BossZPTests */ = {
			isa = PBXNativeTarget;
			buildConfigurationList = 87A3F74C1D7EAE4100094565 /* Build configuration list for PBXNativeTarget "BossZPTests" */;
			buildPhases = (
				87A3F7311D7EAE4100094565 /* Sources */,
				87A3F7321D7EAE4100094565 /* Frameworks */,
				87A3F7331D7EAE4100094565 /* Resources */,
			);
			buildRules = (
			);
			dependencies = (
				87A3F7371D7EAE4100094565 /* PBXTargetDependency */,
			);
			name = BossZPTests;
			productName = BossZPTests;
			productReference = 87A3F7351D7EAE4100094565 /* BossZPTests.xctest */;
			productType = "com.apple.product-type.bundle.unit-test";
		};
		87A3F73F1D7EAE4100094565 /* BossZPUITests */ = {
			isa = PBXNativeTarget;
			buildConfigurationList = 87A3F74F1D7EAE4100094565 /* Build configuration list for PBXNativeTarget "BossZPUITests" */;
			buildPhases = (
				87A3F73C1D7EAE4100094565 /* Sources */,
				87A3F73D1D7EAE4100094565 /* Frameworks */,
				87A3F73E1D7EAE4100094565 /* Resources */,
			);
			buildRules = (
			);
			dependencies = (
				87A3F7421D7EAE4100094565 /* PBXTargetDependency */,
			);
			name = BossZPUITests;
			productName = BossZPUITests;
			productReference = 87A3F7401D7EAE4100094565 /* BossZPUITests.xctest */;
			productType = "com.apple.product-type.bundle.ui-testing";
		};
/* End PBXNativeTarget section */

/* Begin PBXProject section */
		87A3F7111D7EAE4100094565 /* Project object */ = {
			isa = PBXProject;
			attributes = {
				LastUpgradeCheck = 0730;
				ORGANIZATIONNAME = scrum_snail;
				TargetAttributes = {
					87A3F7181D7EAE4100094565 = {
						CreatedOnToolsVersion = 7.3.1;
					};
					87A3F7341D7EAE4100094565 = {
						CreatedOnToolsVersion = 7.3.1;
						TestTargetID = 87A3F7181D7EAE4100094565;
					};
					87A3F73F1D7EAE4100094565 = {
						CreatedOnToolsVersion = 7.3.1;
						TestTargetID = 87A3F7181D7EAE4100094565;
					};
				};
			};
			buildConfigurationList = 87A3F7141D7EAE4100094565 /* Build configuration list for PBXProject "BossZP" */;
			compatibilityVersion = "Xcode 3.2";
			developmentRegion = English;
			hasScannedForEncodings = 0;
			knownRegions = (
				en,
				Base,
			);
			mainGroup = 87A3F7101D7EAE4100094565;
			productRefGroup = 87A3F71A1D7EAE4100094565 /* Products */;
			projectDirPath = "";
			projectRoot = "";
			targets = (
				87A3F7181D7EAE4100094565 /* BossZP */,
				87A3F7341D7EAE4100094565 /* BossZPTests */,
				87A3F73F1D7EAE4100094565 /* BossZPUITests */,
			);
		};
/* End PBXProject section */

/* Begin PBXResourcesBuildPhase section */
		87A3F7171D7EAE4100094565 /* Resources */ = {
			isa = PBXResourcesBuildPhase;
			buildActionMask = 2147483647;
			files = (
				87A3F72C1D7EAE4100094565 /* Assets.xcassets in Resources */,
				87A3F7271D7EAE4100094565 /* Main.storyboard in Resources */,
				87A3F76B1D7EBE4D00094565 /* BossZPKit.bundle in Resources */,
			);
			runOnlyForDeploymentPostprocessing = 0;
		};
		87A3F7331D7EAE4100094565 /* Resources */ = {
			isa = PBXResourcesBuildPhase;
			buildActionMask = 2147483647;
			files = (
			);
			runOnlyForDeploymentPostprocessing = 0;
		};
		87A3F73E1D7EAE4100094565 /* Resources */ = {
			isa = PBXResourcesBuildPhase;
			buildActionMask = 2147483647;
			files = (
			);
			runOnlyForDeploymentPostprocessing = 0;
		};
/* End PBXResourcesBuildPhase section */

/* Begin PBXShellScriptBuildPhase section */
		322AF98011FC74648186F42A /* Copy Pods Resources */ = {
			isa = PBXShellScriptBuildPhase;
			buildActionMask = 2147483647;
			files = (
			);
			inputPaths = (
			);
			name = "Copy Pods Resources";
			outputPaths = (
			);
			runOnlyForDeploymentPostprocessing = 0;
			shellPath = /bin/sh;
			shellScript = "\"${SRCROOT}/Pods/Target Support Files/Pods-BossZP/Pods-BossZP-resources.sh\"\n";
			showEnvVarsInLog = 0;
		};
		8FABB605374EBE283BBEA238 /* Check Pods Manifest.lock */ = {
			isa = PBXShellScriptBuildPhase;
			buildActionMask = 2147483647;
			files = (
			);
			inputPaths = (
			);
			name = "Check Pods Manifest.lock";
			outputPaths = (
			);
			runOnlyForDeploymentPostprocessing = 0;
			shellPath = /bin/sh;
			shellScript = "diff \"${PODS_ROOT}/../Podfile.lock\" \"${PODS_ROOT}/Manifest.lock\" > /dev/null\nif [[ $? != 0 ]] ; then\n    cat << EOM\nerror: The sandbox is not in sync with the Podfile.lock. Run 'pod install' or update your CocoaPods installation.\nEOM\n    exit 1\nfi\n";
			showEnvVarsInLog = 0;
		};
		99B1B7C4C0D1FAF923E5385B /* Embed Pods Frameworks */ = {
			isa = PBXShellScriptBuildPhase;
			buildActionMask = 2147483647;
			files = (
			);
			inputPaths = (
			);
			name = "Embed Pods Frameworks";
			outputPaths = (
			);
			runOnlyForDeploymentPostprocessing = 0;
			shellPath = /bin/sh;
			shellScript = "\"${SRCROOT}/Pods/Target Support Files/Pods-BossZP/Pods-BossZP-frameworks.sh\"\n";
			showEnvVarsInLog = 0;
		};
/* End PBXShellScriptBuildPhase section */

/* Begin PBXSourcesBuildPhase section */
		87A3F7151D7EAE4100094565 /* Sources */ = {
			isa = PBXSourcesBuildPhase;
			buildActionMask = 2147483647;
			files = (
				87A60DD81D8105FD0041F2E6 /* CompanyViewController.m in Sources */,
				87A3F72A1D7EAE4100094565 /* BossZP.xcdatamodeld in Sources */,
				87A022371D7FBF31007686E3 /* NSDictionary+Json.m in Sources */,
				87C6F6B01D812FD40074BDD5 /* JobTableViewCell.m in Sources */,
				870A61D31D7FA046001A9F46 /* KeyChain.m in Sources */,
				870A61F11D7FA43E001A9F46 /* LoginViewModel.m in Sources */,
				87A3F7771D7EBEC500094565 /* BaseViewModel.m in Sources */,
				87C6F6B31D8132E90074BDD5 /* JobModel.m in Sources */,
				87A3F7741D7EBEB800094565 /* BaseViewController.m in Sources */,
				87A0223D1D7FC094007686E3 /* RegisterViewModel.m in Sources */,
				87A60DDB1D81060A0041F2E6 /* JobViewController.m in Sources */,
				87A3F71E1D7EAE4100094565 /* main.m in Sources */,
				870A61EB1D7FA40F001A9F46 /* LoginViewController.m in Sources */,
				87A0223A1D7FC07B007686E3 /* RegisterView.m in Sources */,
				87A60DE11D8106280041F2E6 /* PersonalViewController.m in Sources */,
				870A62071D7FBD29001A9F46 /* RegisterData.m in Sources */,
				87A60DC11D81048F0041F2E6 /* MainViewController.m in Sources */,
				87A022431D7FDEDB007686E3 /* BaseButton.m in Sources */,
				87C6F6AD1D812E970074BDD5 /* JobViewModel.m in Sources */,
				870A62041D7FBCB3001A9F46 /* RegisterTask.m in Sources */,
				870A61F71D7FAC90001A9F46 /* ForgotViewController.m in Sources */,
				87A3F7711D7EBEA300094565 /* BaseView.m in Sources */,
				87A3F76E1D7EBE6D00094565 /* BaseTextField.m in Sources */,
				870A61FA1D7FACAC001A9F46 /* RegisterViewController.m in Sources */,
				87C6F6B61D813E8C0074BDD5 /* ViewController.m in Sources */,
				870A61FD1D7FAD9B001A9F46 /* NSString+MD5.m in Sources */,
				87C6F6AA1D812E750074BDD5 /* JobView.m in Sources */,
				87A60DDE1D81061C0041F2E6 /* MessageViewController.m in Sources */,
				870A61EE1D7FA42C001A9F46 /* LoginView.m in Sources */,
				87A022401D7FC13C007686E3 /* RegisterService.m in Sources */,
				87A3F7691D7EBC5800094565 /* AppDelegate.m in Sources */,
			);
			runOnlyForDeploymentPostprocessing = 0;
		};
		87A3F7311D7EAE4100094565 /* Sources */ = {
			isa = PBXSourcesBuildPhase;
			buildActionMask = 2147483647;
			files = (
				87A3F73A1D7EAE4100094565 /* BossZPTests.m in Sources */,
			);
			runOnlyForDeploymentPostprocessing = 0;
		};
		87A3F73C1D7EAE4100094565 /* Sources */ = {
			isa = PBXSourcesBuildPhase;
			buildActionMask = 2147483647;
			files = (
				87A3F7451D7EAE4100094565 /* BossZPUITests.m in Sources */,
			);
			runOnlyForDeploymentPostprocessing = 0;
		};
/* End PBXSourcesBuildPhase section */

/* Begin PBXTargetDependency section */
		87A3F7371D7EAE4100094565 /* PBXTargetDependency */ = {
			isa = PBXTargetDependency;
			target = 87A3F7181D7EAE4100094565 /* BossZP */;
			targetProxy = 87A3F7361D7EAE4100094565 /* PBXContainerItemProxy */;
		};
		87A3F7421D7EAE4100094565 /* PBXTargetDependency */ = {
			isa = PBXTargetDependency;
			target = 87A3F7181D7EAE4100094565 /* BossZP */;
			targetProxy = 87A3F7411D7EAE4100094565 /* PBXContainerItemProxy */;
		};
/* End PBXTargetDependency section */

/* Begin PBXVariantGroup section */
		87A3F7251D7EAE4100094565 /* Main.storyboard */ = {
			isa = PBXVariantGroup;
			children = (
				87A3F7261D7EAE4100094565 /* Base */,
			);
			name = Main.storyboard;
			sourceTree = "<group>";
		};
/* End PBXVariantGroup section */

/* Begin XCBuildConfiguration section */
		87A3F7471D7EAE4100094565 /* Debug */ = {
			isa = XCBuildConfiguration;
			buildSettings = {
				ALWAYS_SEARCH_USER_PATHS = NO;
				CLANG_ANALYZER_NONNULL = YES;
				CLANG_CXX_LANGUAGE_STANDARD = "gnu++0x";
				CLANG_CXX_LIBRARY = "libc++";
				CLANG_ENABLE_MODULES = YES;
				CLANG_ENABLE_OBJC_ARC = YES;
				CLANG_WARN_BOOL_CONVERSION = YES;
				CLANG_WARN_CONSTANT_CONVERSION = YES;
				CLANG_WARN_DIRECT_OBJC_ISA_USAGE = YES_ERROR;
				CLANG_WARN_EMPTY_BODY = YES;
				CLANG_WARN_ENUM_CONVERSION = YES;
				CLANG_WARN_INT_CONVERSION = YES;
				CLANG_WARN_OBJC_ROOT_CLASS = YES_ERROR;
				CLANG_WARN_UNREACHABLE_CODE = YES;
				CLANG_WARN__DUPLICATE_METHOD_MATCH = YES;
				"CODE_SIGN_IDENTITY[sdk=iphoneos*]" = "iPhone Developer";
				COPY_PHASE_STRIP = NO;
				DEBUG_INFORMATION_FORMAT = dwarf;
				ENABLE_STRICT_OBJC_MSGSEND = YES;
				ENABLE_TESTABILITY = YES;
				GCC_C_LANGUAGE_STANDARD = gnu99;
				GCC_DYNAMIC_NO_PIC = NO;
				GCC_NO_COMMON_BLOCKS = YES;
				GCC_OPTIMIZATION_LEVEL = 0;
				GCC_PREPROCESSOR_DEFINITIONS = (
					"DEBUG=1",
					"$(inherited)",
				);
				GCC_WARN_64_TO_32_BIT_CONVERSION = YES;
				GCC_WARN_ABOUT_RETURN_TYPE = YES_ERROR;
				GCC_WARN_UNDECLARED_SELECTOR = YES;
				GCC_WARN_UNINITIALIZED_AUTOS = YES_AGGRESSIVE;
				GCC_WARN_UNUSED_FUNCTION = YES;
				GCC_WARN_UNUSED_VARIABLE = YES;
				IPHONEOS_DEPLOYMENT_TARGET = 9.3;
				MTL_ENABLE_DEBUG_INFO = YES;
				ONLY_ACTIVE_ARCH = YES;
				SDKROOT = iphoneos;
			};
			name = Debug;
		};
		87A3F7481D7EAE4100094565 /* Release */ = {
			isa = XCBuildConfiguration;
			buildSettings = {
				ALWAYS_SEARCH_USER_PATHS = NO;
				CLANG_ANALYZER_NONNULL = YES;
				CLANG_CXX_LANGUAGE_STANDARD = "gnu++0x";
				CLANG_CXX_LIBRARY = "libc++";
				CLANG_ENABLE_MODULES = YES;
				CLANG_ENABLE_OBJC_ARC = YES;
				CLANG_WARN_BOOL_CONVERSION = YES;
				CLANG_WARN_CONSTANT_CONVERSION = YES;
				CLANG_WARN_DIRECT_OBJC_ISA_USAGE = YES_ERROR;
				CLANG_WARN_EMPTY_BODY = YES;
				CLANG_WARN_ENUM_CONVERSION = YES;
				CLANG_WARN_INT_CONVERSION = YES;
				CLANG_WARN_OBJC_ROOT_CLASS = YES_ERROR;
				CLANG_WARN_UNREACHABLE_CODE = YES;
				CLANG_WARN__DUPLICATE_METHOD_MATCH = YES;
				"CODE_SIGN_IDENTITY[sdk=iphoneos*]" = "iPhone Developer";
				COPY_PHASE_STRIP = NO;
				DEBUG_INFORMATION_FORMAT = "dwarf-with-dsym";
				ENABLE_NS_ASSERTIONS = NO;
				ENABLE_STRICT_OBJC_MSGSEND = YES;
				GCC_C_LANGUAGE_STANDARD = gnu99;
				GCC_NO_COMMON_BLOCKS = YES;
				GCC_WARN_64_TO_32_BIT_CONVERSION = YES;
				GCC_WARN_ABOUT_RETURN_TYPE = YES_ERROR;
				GCC_WARN_UNDECLARED_SELECTOR = YES;
				GCC_WARN_UNINITIALIZED_AUTOS = YES_AGGRESSIVE;
				GCC_WARN_UNUSED_FUNCTION = YES;
				GCC_WARN_UNUSED_VARIABLE = YES;
				IPHONEOS_DEPLOYMENT_TARGET = 9.3;
				MTL_ENABLE_DEBUG_INFO = NO;
				SDKROOT = iphoneos;
				VALIDATE_PRODUCT = YES;
			};
			name = Release;
		};
		87A3F74A1D7EAE4100094565 /* Debug */ = {
			isa = XCBuildConfiguration;
			baseConfigurationReference = 24FAA2C5008B0A2DCD14A9FD /* Pods-BossZP.debug.xcconfig */;
			buildSettings = {
				ASSETCATALOG_COMPILER_APPICON_NAME = AppIcon;
				ASSETCATALOG_COMPILER_LAUNCHIMAGE_NAME = LaunchImage;
				GCC_PREFIX_HEADER = "$(SRCROOT)/BossZP/ss_PrefixHeader.pch";
				INFOPLIST_FILE = BossZP/Info.plist;
				IPHONEOS_DEPLOYMENT_TARGET = 8.0;
				LD_RUNPATH_SEARCH_PATHS = "$(inherited) @executable_path/Frameworks";
				PRODUCT_BUNDLE_IDENTIFIER = "cn.scrum-snail.BossZP";
				PRODUCT_NAME = "$(TARGET_NAME)";
			};
			name = Debug;
		};
		87A3F74B1D7EAE4100094565 /* Release */ = {
			isa = XCBuildConfiguration;
			baseConfigurationReference = D4B7F385A877824FFA2006E7 /* Pods-BossZP.release.xcconfig */;
			buildSettings = {
				ASSETCATALOG_COMPILER_APPICON_NAME = AppIcon;
				ASSETCATALOG_COMPILER_LAUNCHIMAGE_NAME = LaunchImage;
				GCC_PREFIX_HEADER = "$(SRCROOT)/BossZP/ss_PrefixHeader.pch";
				INFOPLIST_FILE = BossZP/Info.plist;
				IPHONEOS_DEPLOYMENT_TARGET = 8.0;
				LD_RUNPATH_SEARCH_PATHS = "$(inherited) @executable_path/Frameworks";
				PRODUCT_BUNDLE_IDENTIFIER = "cn.scrum-snail.BossZP";
				PRODUCT_NAME = "$(TARGET_NAME)";
			};
			name = Release;
		};
		87A3F74D1D7EAE4100094565 /* Debug */ = {
			isa = XCBuildConfiguration;
			buildSettings = {
				BUNDLE_LOADER = "$(TEST_HOST)";
				INFOPLIST_FILE = BossZPTests/Info.plist;
				LD_RUNPATH_SEARCH_PATHS = "$(inherited) @executable_path/Frameworks @loader_path/Frameworks";
				PRODUCT_BUNDLE_IDENTIFIER = "cn.scrum-snail.BossZPTests";
				PRODUCT_NAME = "$(TARGET_NAME)";
				TEST_HOST = "$(BUILT_PRODUCTS_DIR)/BossZP.app/BossZP";
			};
			name = Debug;
		};
		87A3F74E1D7EAE4100094565 /* Release */ = {
			isa = XCBuildConfiguration;
			buildSettings = {
				BUNDLE_LOADER = "$(TEST_HOST)";
				INFOPLIST_FILE = BossZPTests/Info.plist;
				LD_RUNPATH_SEARCH_PATHS = "$(inherited) @executable_path/Frameworks @loader_path/Frameworks";
				PRODUCT_BUNDLE_IDENTIFIER = "cn.scrum-snail.BossZPTests";
				PRODUCT_NAME = "$(TARGET_NAME)";
				TEST_HOST = "$(BUILT_PRODUCTS_DIR)/BossZP.app/BossZP";
			};
			name = Release;
		};
		87A3F7501D7EAE4100094565 /* Debug */ = {
			isa = XCBuildConfiguration;
			buildSettings = {
				INFOPLIST_FILE = BossZPUITests/Info.plist;
				LD_RUNPATH_SEARCH_PATHS = "$(inherited) @executable_path/Frameworks @loader_path/Frameworks";
				PRODUCT_BUNDLE_IDENTIFIER = "cn.scrum-snail.BossZPUITests";
				PRODUCT_NAME = "$(TARGET_NAME)";
				TEST_TARGET_NAME = BossZP;
			};
			name = Debug;
		};
		87A3F7511D7EAE4100094565 /* Release */ = {
			isa = XCBuildConfiguration;
			buildSettings = {
				INFOPLIST_FILE = BossZPUITests/Info.plist;
				LD_RUNPATH_SEARCH_PATHS = "$(inherited) @executable_path/Frameworks @loader_path/Frameworks";
				PRODUCT_BUNDLE_IDENTIFIER = "cn.scrum-snail.BossZPUITests";
				PRODUCT_NAME = "$(TARGET_NAME)";
				TEST_TARGET_NAME = BossZP;
			};
			name = Release;
		};
/* End XCBuildConfiguration section */

/* Begin XCConfigurationList section */
		87A3F7141D7EAE4100094565 /* Build configuration list for PBXProject "BossZP" */ = {
			isa = XCConfigurationList;
			buildConfigurations = (
				87A3F7471D7EAE4100094565 /* Debug */,
				87A3F7481D7EAE4100094565 /* Release */,
			);
			defaultConfigurationIsVisible = 0;
			defaultConfigurationName = Release;
		};
		87A3F7491D7EAE4100094565 /* Build configuration list for PBXNativeTarget "BossZP" */ = {
			isa = XCConfigurationList;
			buildConfigurations = (
				87A3F74A1D7EAE4100094565 /* Debug */,
				87A3F74B1D7EAE4100094565 /* Release */,
			);
			defaultConfigurationIsVisible = 0;
			defaultConfigurationName = Release;
		};
		87A3F74C1D7EAE4100094565 /* Build configuration list for PBXNativeTarget "BossZPTests" */ = {
			isa = XCConfigurationList;
			buildConfigurations = (
				87A3F74D1D7EAE4100094565 /* Debug */,
				87A3F74E1D7EAE4100094565 /* Release */,
			);
			defaultConfigurationIsVisible = 0;
			defaultConfigurationName = Release;
		};
		87A3F74F1D7EAE4100094565 /* Build configuration list for PBXNativeTarget "BossZPUITests" */ = {
			isa = XCConfigurationList;
			buildConfigurations = (
				87A3F7501D7EAE4100094565 /* Debug */,
				87A3F7511D7EAE4100094565 /* Release */,
			);
			defaultConfigurationIsVisible = 0;
			defaultConfigurationName = Release;
		};
/* End XCConfigurationList section */

/* Begin XCVersionGroup section */
		87A3F7281D7EAE4100094565 /* BossZP.xcdatamodeld */ = {
			isa = XCVersionGroup;
			children = (
				87A3F7291D7EAE4100094565 /* BossZP.xcdatamodel */,
			);
			currentVersion = 87A3F7291D7EAE4100094565 /* BossZP.xcdatamodel */;
			path = BossZP.xcdatamodeld;
			sourceTree = "<group>";
			versionGroupType = wrapper.xcdatamodel;
		};
/* End XCVersionGroup section */
	};
	rootObject = 87A3F7111D7EAE4100094565 /* Project object */;
}
